// !$*UTF8*$!
{
 archiveVersion = 1;
 classes = {};
 objectVersion = 77;
 objects = {
  A00000000000000000000001 = {isa = PBXBuildFile; fileRef = A00000000000000000000011; };
  A00000000000000000000002 = {isa = PBXBuildFile; fileRef = A00000000000000000000012; };
  A00000000000000000000010 = {isa = PBXFileReference; lastKnownFileType = sourcecode.swift; path = ShayanCommandCenterApp.swift; sourceTree = "<group>"; };
  A00000000000000000000011 = {isa = PBXFileReference; lastKnownFileType = sourcecode.swift; path = HomeView.swift; sourceTree = "<group>"; };
  A00000000000000000000012 = {isa = PBXFileReference; lastKnownFileType = sourcecode.swift; path = DashboardStatus.swift; sourceTree = "<group>"; };
  A00000000000000000000013 = {isa = PBXFileReference; lastKnownFileType = text.plist.xml; path = Info.plist; sourceTree = "<group>"; };
  A00000000000000000000020 = {isa = PBXFileReference; explicitFileType = wrapper.application; includeInIndex = 0; path = ShayanCommandCenter.app; sourceTree = BUILT_PRODUCTS_DIR; };
  A00000000000000000000030 = {isa = PBXGroup; children = (A00000000000000000000040, A00000000000000000000041); sourceTree = "<group>"; };
  A00000000000000000000040 = {isa = PBXGroup; children = (A00000000000000000000010, A00000000000000000000011, A00000000000000000000012, A00000000000000000000013); path = ShayanCommandCenter; sourceTree = "<group>"; };
  A00000000000000000000041 = {isa = PBXGroup; children = (A00000000000000000000020); name = Products; sourceTree = "<group>"; };
  A00000000000000000000050 = {isa = PBXSourcesBuildPhase; buildActionMask = 2147483647; files = (A00000000000000000000003, A00000000000000000000001, A00000000000000000000002); runOnlyForDeploymentPostprocessing = 0; };
  A00000000000000000000051 = {isa = PBXSourcesBuildPhase; buildActionMask = 2147483647; files = (A00000000000000000000003); runOnlyForDeploymentPostprocessing = 0; };
  A00000000000000000000003 = {isa = PBXBuildFile; fileRef = A00000000000000000000010; };
  A00000000000000000000060 = {isa = PBXNativeTarget; buildConfigurationList = A00000000000000000000070; buildPhases = (A00000000000000000000050); buildRules = (); dependencies = (); name = ShayanCommandCenter; productName = ShayanCommandCenter; productReference = A00000000000000000000020; productType = "com.apple.product-type.application"; };
  A00000000000000000000061 = {isa = PBXProject; attributes = {BuildIndependentTargetsInParallel = 1; LastSwiftUpdateCheck = 2600; LastUpgradeCheck = 2600;}; buildConfigurationList = A00000000000000000000071; compatibilityVersion = "Xcode 16.0"; developmentRegion = en; hasScannedForEncodings = 0; knownRegions = (en, Base); mainGroup = A00000000000000000000030; productRefGroup = A00000000000000000000041; projectDirPath = ""; projectRoot = ""; targets = (A00000000000000000000060); };
  A00000000000000000000070 = {isa = XCConfigurationList; buildConfigurations = (A00000000000000000000080, A00000000000000000000081); defaultConfigurationIsVisible = 0; defaultConfigurationName = Release;};
  A00000000000000000000071 = {isa = XCConfigurationList; buildConfigurations = (A000000000000000000000082, A00000000000000000000083); defaultConfigurationIsVisible = 0; defaultConfigurationName = Release;};
  A00000000000000000000080 = {isa = XCBuildConfiguration; buildSettings = {CODE_SIGNING_ALLOWED = NO; IPHONEOS_DEPLOYMENT_TARGET = 17.0; INFOPLIST_FILE = ShayanCommandCenter/Info.plist; PRODUCT_BUNDLE_IDENTIFIER = com.shayan.commandcentre; PRODUCT_NAME = "$(TARGET_NAME)"; SDKROOT = iphoneos; SWIFT_VERSION = 5.0; TARGETED_DEVICE_FAMILY = "1,2";}; name = Debug;};
  A00000000000000000000081 = {isa = XCBuildConfiguration; buildSettings = {CODE_SIGNING_ALLOWED = NO; IPHONEOS_DEPLOYMENT_TARGET = 17.0; PRODUCT_BUNDLE_IDENTIFIER = com.shayan.commandcentre; PRODUCT_NAME = "$(TARGET_NAME)"; SDKROOT = iphoneos; SWIFT_VERSION = 5.0; TARGETED_DEVICE_FAMILY = "1,2";}; name = Release;};
  A00000000000000000000082 = {isa = XCBuildConfiguration; buildSettings = {CODE_SIGNING_ALLOWED = NO; IPHONEOS_DEPLOYMENT_TARGET = 17.0; PRODUCT_BUNDLE_IDENTIFIER = com.shayan.commandcentre; PRODUCT_NAME = "$(TARGET_NAME)"; SDKROOT = iphoneos; SWIFT_VERSION = 5.0; TARGETED_DEVICE_FAMILY = "1,2";}; name = Debug;};
  A00000000000000000000083 = {isa = XCBuildConfiguration; buildSettings = {CODE_SIGNING_ALLOWED = NO; IPHONEOS_DEPLOYMENT_TARGET = 17.0; PRODUCT_BUNDLE_IDENTIFIER = com.shayan.commandcentre; PRODUCT_NAME = "$(TARGET_NAME)"; SDKROOT = iphoneos; SWIFT_VERSION = 5.0; TARGETED_DEVICE_FAMILY = "1,2";}; name = Release;};
 };
 rootObject = A00000000000000000000061;
}